
Microsoft Visual Studio Solution File, Format Version 12.00
# Visual Studio 2012
Project("{FAE04EC0-301F-11D3-BF4B-00C04F79EFBC}") = "VkGUI", "VkMessanger\VkGUI.csproj", "{7FB97B6D-68C2-4E31-BB8A-EA6B03C6BE02}"
EndProject
Project("{FAE04EC0-301F-11D3-BF4B-00C04F79EFBC}") = "VkAuth", "VkAuth\VkAuth.csproj", "{877AA5EA-BFF3-4EA2-8B84-2DE85E7006B1}"
EndProject
Project("{FAE04EC0-301F-11D3-BF4B-00C04F79EFBC}") = "TestVkAuth", "TestVkAuth\TestVkAuth.csproj", "{A0A2DA6C-D7D0-47C0-8A98-DE8CDBABD119}"
EndProject
Project("{FAE04EC0-301F-11D3-BF4B-00C04F79EFBC}") = "UsageVkApp", "UsageTkAuth\UsageVkApp.csproj", "{E948C871-0B23-42EE-A8D1-4CA8D05EDA3C}"
EndProject
Project("{FAE04EC0-301F-11D3-BF4B-00C04F79EFBC}") = "VkApi", "VkApi\VkApi.csproj", "{82580ECA-681A-422C-8DFB-E89BCB851ABF}"
EndProject
Project("{FAE04EC0-301F-11D3-BF4B-00C04F79EFBC}") = "VkModels", "VkObjects\VkModels.csproj", "{C5EC8E30-2C34-48E5-8FDB-F69A4F40BD75}"
EndProject
Project("{FAE04EC0-301F-11D3-BF4B-00C04F79EFBC}") = "VkServices", "VkManager\VkServices.csproj", "{5ADD89F5-36E0-4676-8646-B3B00B9F366F}"
EndProject
Project("{FAE04EC0-301F-11D3-BF4B-00C04F79EFBC}") = "VkUtillites", "VkUtillites\VkUtillites.csproj", "{D1051876-4FED-40A5-8408-5D07D12CCAD3}"
EndProject
Project("{FAE04EC0-301F-11D3-BF4B-00C04F79EFBC}") = "VkControllers", "VkController\VkControllers.csproj", "{C68F2269-EFB5-45FA-87AE-D4E40943C8B8}"
EndProject
Project("{2150E333-8FDC-42A3-9474-1A3956D46DE8}") = "Domain", "Domain", "{5D0BB200-1AB1-46AC-BC9E-09EB19C94BB4}"
EndProject
Project("{2150E333-8FDC-42A3-9474-1A3956D46DE8}") = "View", "View", "{0832F4D8-8B44-49D0-940B-391AFA090A4E}"
EndProject
Project("{2150E333-8FDC-42A3-9474-1A3956D46DE8}") = "Api", "Api", "{7E8498C6-E086-444C-9B24-DDA037A4A4BC}"
EndProject
Project("{2150E333-8FDC-42A3-9474-1A3956D46DE8}") = "Tests", "Tests", "{D77E637E-62EA-4E1D-84FB-0A5CE2DF71B5}"
EndProject
Project("{2150E333-8FDC-42A3-9474-1A3956D46DE8}") = "Utilities", "Utilities", "{02D87D02-0303-49C3-9B0E-F1D2039EACF3}"
EndProject
Project("{2150E333-8FDC-42A3-9474-1A3956D46DE8}") = "Interfaces", "Interfaces", "{16077DA1-439D-4947-9A7C-BD35484265EC}"
EndProject
Project("{FAE04EC0-301F-11D3-BF4B-00C04F79EFBC}") = "VkInterfaces", "VkInterfaces\VkInterfaces.csproj", "{1C717E7D-FE26-406F-B635-4ADF4DE6DA5E}"
EndProject
Project("{2150E333-8FDC-42A3-9474-1A3956D46DE8}") = "Services", "Services", "{C7B16C20-9B10-416C-B59D-129F16647E29}"
EndProject
Project("{2150E333-8FDC-42A3-9474-1A3956D46DE8}") = "DomainTests", "DomainTests", "{A52AFBA9-9FF4-42A1-BC45-2BF98D133143}"
EndProject
Project("{FAE04EC0-301F-11D3-BF4B-00C04F79EFBC}") = "DomainTests", "DomainTests\DomainTests.csproj", "{E50E64D4-4221-4E95-B49D-7C42DD20301A}"
EndProject
Project("{2150E333-8FDC-42A3-9474-1A3956D46DE8}") = "ViewModels", "ViewModels", "{0B3A68EF-481B-4805-8711-205BDBD50BB8}"
EndProject
Project("{FAE04EC0-301F-11D3-BF4B-00C04F79EFBC}") = "ViewModels", "ViewModels\ViewModels.csproj", "{3A88C782-CA74-468B-99FA-60C3B5482E9A}"
EndProject
Global
	GlobalSection(SolutionConfigurationPlatforms) = preSolution
		Debug|Any CPU = Debug|Any CPU
		Release|Any CPU = Release|Any CPU
	EndGlobalSection
	GlobalSection(ProjectConfigurationPlatforms) = postSolution
		{7FB97B6D-68C2-4E31-BB8A-EA6B03C6BE02}.Debug|Any CPU.ActiveCfg = Debug|Any CPU
		{7FB97B6D-68C2-4E31-BB8A-EA6B03C6BE02}.Debug|Any CPU.Build.0 = Debug|Any CPU
		{7FB97B6D-68C2-4E31-BB8A-EA6B03C6BE02}.Release|Any CPU.ActiveCfg = Release|Any CPU
		{7FB97B6D-68C2-4E31-BB8A-EA6B03C6BE02}.Release|Any CPU.Build.0 = Release|Any CPU
		{877AA5EA-BFF3-4EA2-8B84-2DE85E7006B1}.Debug|Any CPU.ActiveCfg = Debug|Any CPU
		{877AA5EA-BFF3-4EA2-8B84-2DE85E7006B1}.Debug|Any CPU.Build.0 = Debug|Any CPU
		{877AA5EA-BFF3-4EA2-8B84-2DE85E7006B1}.Release|Any CPU.ActiveCfg = Release|Any CPU
		{877AA5EA-BFF3-4EA2-8B84-2DE85E7006B1}.Release|Any CPU.Build.0 = Release|Any CPU
		{A0A2DA6C-D7D0-47C0-8A98-DE8CDBABD119}.Debug|Any CPU.ActiveCfg = Debug|Any CPU
		{A0A2DA6C-D7D0-47C0-8A98-DE8CDBABD119}.Debug|Any CPU.Build.0 = Debug|Any CPU
		{A0A2DA6C-D7D0-47C0-8A98-DE8CDBABD119}.Release|Any CPU.ActiveCfg = Release|Any CPU
		{A0A2DA6C-D7D0-47C0-8A98-DE8CDBABD119}.Release|Any CPU.Build.0 = Release|Any CPU
		{E948C871-0B23-42EE-A8D1-4CA8D05EDA3C}.Debug|Any CPU.ActiveCfg = Debug|Any CPU
		{E948C871-0B23-42EE-A8D1-4CA8D05EDA3C}.Debug|Any CPU.Build.0 = Debug|Any CPU
		{E948C871-0B23-42EE-A8D1-4CA8D05EDA3C}.Release|Any CPU.ActiveCfg = Release|Any CPU
		{E948C871-0B23-42EE-A8D1-4CA8D05EDA3C}.Release|Any CPU.Build.0 = Release|Any CPU
		{82580ECA-681A-422C-8DFB-E89BCB851ABF}.Debug|Any CPU.ActiveCfg = Debug|Any CPU
		{82580ECA-681A-422C-8DFB-E89BCB851ABF}.Debug|Any CPU.Build.0 = Debug|Any CPU
		{82580ECA-681A-422C-8DFB-E89BCB851ABF}.Release|Any CPU.ActiveCfg = Release|Any CPU
		{82580ECA-681A-422C-8DFB-E89BCB851ABF}.Release|Any CPU.Build.0 = Release|Any CPU
		{C5EC8E30-2C34-48E5-8FDB-F69A4F40BD75}.Debug|Any CPU.ActiveCfg = Debug|Any CPU
		{C5EC8E30-2C34-48E5-8FDB-F69A4F40BD75}.Debug|Any CPU.Build.0 = Debug|Any CPU
		{C5EC8E30-2C34-48E5-8FDB-F69A4F40BD75}.Release|Any CPU.ActiveCfg = Release|Any CPU
		{C5EC8E30-2C34-48E5-8FDB-F69A4F40BD75}.Release|Any CPU.Build.0 = Release|Any CPU
		{5ADD89F5-36E0-4676-8646-B3B00B9F366F}.Debug|Any CPU.ActiveCfg = Debug|Any CPU
		{5ADD89F5-36E0-4676-8646-B3B00B9F366F}.Debug|Any CPU.Build.0 = Debug|Any CPU
		{5ADD89F5-36E0-4676-8646-B3B00B9F366F}.Release|Any CPU.ActiveCfg = Release|Any CPU
		{5ADD89F5-36E0-4676-8646-B3B00B9F366F}.Release|Any CPU.Build.0 = Release|Any CPU
		{D1051876-4FED-40A5-8408-5D07D12CCAD3}.Debug|Any CPU.ActiveCfg = Debug|Any CPU
		{D1051876-4FED-40A5-8408-5D07D12CCAD3}.Debug|Any CPU.Build.0 = Debug|Any CPU
		{D1051876-4FED-40A5-8408-5D07D12CCAD3}.Release|Any CPU.ActiveCfg = Release|Any CPU
		{D1051876-4FED-40A5-8408-5D07D12CCAD3}.Release|Any CPU.Build.0 = Release|Any CPU
		{C68F2269-EFB5-45FA-87AE-D4E40943C8B8}.Debug|Any CPU.ActiveCfg = Debug|Any CPU
		{C68F2269-EFB5-45FA-87AE-D4E40943C8B8}.Debug|Any CPU.Build.0 = Debug|Any CPU
		{C68F2269-EFB5-45FA-87AE-D4E40943C8B8}.Release|Any CPU.ActiveCfg = Release|Any CPU
		{C68F2269-EFB5-45FA-87AE-D4E40943C8B8}.Release|Any CPU.Build.0 = Release|Any CPU
		{1C717E7D-FE26-406F-B635-4ADF4DE6DA5E}.Debug|Any CPU.ActiveCfg = Debug|Any CPU
		{1C717E7D-FE26-406F-B635-4ADF4DE6DA5E}.Debug|Any CPU.Build.0 = Debug|Any CPU
		{1C717E7D-FE26-406F-B635-4ADF4DE6DA5E}.Release|Any CPU.ActiveCfg = Release|Any CPU
		{1C717E7D-FE26-406F-B635-4ADF4DE6DA5E}.Release|Any CPU.Build.0 = Release|Any CPU
		{E50E64D4-4221-4E95-B49D-7C42DD20301A}.Debug|Any CPU.ActiveCfg = Debug|Any CPU
		{E50E64D4-4221-4E95-B49D-7C42DD20301A}.Debug|Any CPU.Build.0 = Debug|Any CPU
		{E50E64D4-4221-4E95-B49D-7C42DD20301A}.Release|Any CPU.ActiveCfg = Release|Any CPU
		{E50E64D4-4221-4E95-B49D-7C42DD20301A}.Release|Any CPU.Build.0 = Release|Any CPU
		{3A88C782-CA74-468B-99FA-60C3B5482E9A}.Debug|Any CPU.ActiveCfg = Debug|Any CPU
		{3A88C782-CA74-468B-99FA-60C3B5482E9A}.Debug|Any CPU.Build.0 = Debug|Any CPU
		{3A88C782-CA74-468B-99FA-60C3B5482E9A}.Release|Any CPU.ActiveCfg = Release|Any CPU
		{3A88C782-CA74-468B-99FA-60C3B5482E9A}.Release|Any CPU.Build.0 = Release|Any CPU
	EndGlobalSection
	GlobalSection(SolutionProperties) = preSolution
		HideSolutionNode = FALSE
	EndGlobalSection
	GlobalSection(NestedProjects) = preSolution
		{7FB97B6D-68C2-4E31-BB8A-EA6B03C6BE02} = {0832F4D8-8B44-49D0-940B-391AFA090A4E}
		{82580ECA-681A-422C-8DFB-E89BCB851ABF} = {7E8498C6-E086-444C-9B24-DDA037A4A4BC}
		{877AA5EA-BFF3-4EA2-8B84-2DE85E7006B1} = {7E8498C6-E086-444C-9B24-DDA037A4A4BC}
		{E948C871-0B23-42EE-A8D1-4CA8D05EDA3C} = {D77E637E-62EA-4E1D-84FB-0A5CE2DF71B5}
		{A0A2DA6C-D7D0-47C0-8A98-DE8CDBABD119} = {D77E637E-62EA-4E1D-84FB-0A5CE2DF71B5}
		{A52AFBA9-9FF4-42A1-BC45-2BF98D133143} = {D77E637E-62EA-4E1D-84FB-0A5CE2DF71B5}
		{C5EC8E30-2C34-48E5-8FDB-F69A4F40BD75} = {5D0BB200-1AB1-46AC-BC9E-09EB19C94BB4}
		{5ADD89F5-36E0-4676-8646-B3B00B9F366F} = {C7B16C20-9B10-416C-B59D-129F16647E29}
		{D1051876-4FED-40A5-8408-5D07D12CCAD3} = {02D87D02-0303-49C3-9B0E-F1D2039EACF3}
		{1C717E7D-FE26-406F-B635-4ADF4DE6DA5E} = {16077DA1-439D-4947-9A7C-BD35484265EC}
		{E50E64D4-4221-4E95-B49D-7C42DD20301A} = {A52AFBA9-9FF4-42A1-BC45-2BF98D133143}
		{3A88C782-CA74-468B-99FA-60C3B5482E9A} = {0B3A68EF-481B-4805-8711-205BDBD50BB8}
	EndGlobalSection
EndGlobal
